
Microsoft Visual Studio Solution File, Format Version 12.00
# Visual Studio Version 16
VisualStudioVersion = 16.0.29306.81
MinimumVisualStudioVersion = 10.0.40219.1
Project("{8BC9CEB8-8B4A-11D0-8D11-00A0C91BC942}") = "PRACTICA2_POO_LISTAS_PREFIX", "PRACTICA2_POO_LISTAS_PREFIX.vcxproj", "{9610FF0E-A2E9-485C-A81A-787B21D1748C}"
EndProject
Global
	GlobalSection(SolutionConfigurationPlatforms) = preSolution
		Debug|x64 = Debug|x64
		Debug|x86 = Debug|x86
		Release|x64 = Release|x64
		Release|x86 = Release|x86
	EndGlobalSection
	GlobalSection(ProjectConfigurationPlatforms) = postSolution
		{9610FF0E-A2E9-485C-A81A-787B21D1748C}.Debug|x64.ActiveCfg = Debug|x64
		{9610FF0E-A2E9-485C-A81A-787B21D1748C}.Debug|x64.Build.0 = Debug|x64
		{9610FF0E-A2E9-485C-A81A-787B21D1748C}.Debug|x86.ActiveCfg = Debug|Win32
		{9610FF0E-A2E9-485C-A81A-787B21D1748C}.Debug|x86.Build.0 = Debug|Win32
		{9610FF0E-A2E9-485C-A81A-787B21D1748C}.Release|x64.ActiveCfg = Release|x64
		{9610FF0E-A2E9-485C-A81A-787B21D1748C}.Release|x64.Build.0 = Release|x64
		{9610FF0E-A2E9-485C-A81A-787B21D1748C}.Release|x86.ActiveCfg = Release|Win32
		{9610FF0E-A2E9-485C-A81A-787B21D1748C}.Release|x86.Build.0 = Release|Win32
	EndGlobalSection
	GlobalSection(SolutionProperties) = preSolution
		HideSolutionNode = FALSE
	EndGlobalSection
	GlobalSection(ExtensibilityGlobals) = postSolution
		SolutionGuid = {71C20753-7427-4B44-8314-EDFCE1758276}
	EndGlobalSection
EndGlobal
